// !$*UTF8*$!
{
	archiveVersion = 1;
	classes = {
	};
	objectVersion = 46;
	objects = {

/* Begin PBXBuildFile section */
		C060074C48B985E761867FD3 /* libPods-ESchoolBagLocalServer.a in Frameworks */ = {isa = PBXBuildFile; fileRef = C0D1E8FB0F9855FF8CAA8405 /* libPods-ESchoolBagLocalServer.a */; };
		F72276861E68F9AF00BF90F2 /* main.m in Sources */ = {isa = PBXBuildFile; fileRef = F72276851E68F9AF00BF90F2 /* main.m */; };
		F722768B1E68F9AF00BF90F2 /* Assets.xcassets in Resources */ = {isa = PBXBuildFile; fileRef = F722768A1E68F9AF00BF90F2 /* Assets.xcassets */; };
		F722768E1E68F9AF00BF90F2 /* Main.storyboard in Resources */ = {isa = PBXBuildFile; fileRef = F722768C1E68F9AF00BF90F2 /* Main.storyboard */; };
		F72276A31E68FAD700BF90F2 /* ESBHomeViewController.m in Sources */ = {isa = PBXBuildFile; fileRef = F72276991E68FAD700BF90F2 /* ESBHomeViewController.m */; };
		F72276A41E68FAD700BF90F2 /* AppDelegate.m in Sources */ = {isa = PBXBuildFile; fileRef = F722769E1E68FAD700BF90F2 /* AppDelegate.m */; };
		F72276A71E6901C500BF90F2 /* NSTextView+ESBExtension.m in Sources */ = {isa = PBXBuildFile; fileRef = F72276A61E6901C500BF90F2 /* NSTextView+ESBExtension.m */; };
		F72276CE1E693FBB00BF90F2 /* ESBConnectionSocketModel.m in Sources */ = {isa = PBXBuildFile; fileRef = F72276CD1E693FBB00BF90F2 /* ESBConnectionSocketModel.m */; };
		F72276DF1E69528F00BF90F2 /* ESBDataFramer.m in Sources */ = {isa = PBXBuildFile; fileRef = F72276DD1E69528F00BF90F2 /* ESBDataFramer.m */; };
		F72276E21E6958FF00BF90F2 /* ESBMessageModel.m in Sources */ = {isa = PBXBuildFile; fileRef = F72276E11E6958FF00BF90F2 /* ESBMessageModel.m */; };
		F72277021E6CF86900BF90F2 /* ESBDataCoder.m in Sources */ = {isa = PBXBuildFile; fileRef = F72277011E6CF86900BF90F2 /* ESBDataCoder.m */; };
		F72277081E6D34F000BF90F2 /* ESBClientID.m in Sources */ = {isa = PBXBuildFile; fileRef = F72277071E6D34F000BF90F2 /* ESBClientID.m */; };
/* End PBXBuildFile section */

/* Begin PBXFileReference section */
		376D93E07D979FFCCCA2BE29 /* Pods-ESchoolBagLocalServer.debug.xcconfig */ = {isa = PBXFileReference; includeInIndex = 1; lastKnownFileType = text.xcconfig; name = "Pods-ESchoolBagLocalServer.debug.xcconfig"; path = "Pods/Target Support Files/Pods-ESchoolBagLocalServer/Pods-ESchoolBagLocalServer.debug.xcconfig"; sourceTree = "<group>"; };
		748AA0DC6BF44850C56E6EA6 /* Pods-ESchoolBagLocalServer.release.xcconfig */ = {isa = PBXFileReference; includeInIndex = 1; lastKnownFileType = text.xcconfig; name = "Pods-ESchoolBagLocalServer.release.xcconfig"; path = "Pods/Target Support Files/Pods-ESchoolBagLocalServer/Pods-ESchoolBagLocalServer.release.xcconfig"; sourceTree = "<group>"; };
		C0D1E8FB0F9855FF8CAA8405 /* libPods-ESchoolBagLocalServer.a */ = {isa = PBXFileReference; explicitFileType = archive.ar; includeInIndex = 0; path = "libPods-ESchoolBagLocalServer.a"; sourceTree = BUILT_PRODUCTS_DIR; };
		F722767E1E68F9AF00BF90F2 /* ESchoolBagLocalServer.app */ = {isa = PBXFileReference; explicitFileType = wrapper.application; includeInIndex = 0; path = ESchoolBagLocalServer.app; sourceTree = BUILT_PRODUCTS_DIR; };
		F72276851E68F9AF00BF90F2 /* main.m */ = {isa = PBXFileReference; lastKnownFileType = sourcecode.c.objc; path = main.m; sourceTree = "<group>"; };
		F722768A1E68F9AF00BF90F2 /* Assets.xcassets */ = {isa = PBXFileReference; lastKnownFileType = folder.assetcatalog; path = Assets.xcassets; sourceTree = "<group>"; };
		F722768D1E68F9AF00BF90F2 /* Base */ = {isa = PBXFileReference; lastKnownFileType = file.storyboard; name = Base; path = Base.lproj/Main.storyboard; sourceTree = "<group>"; };
		F722768F1E68F9AF00BF90F2 /* Info.plist */ = {isa = PBXFileReference; lastKnownFileType = text.plist.xml; path = Info.plist; sourceTree = "<group>"; };
		F72276981E68FAD700BF90F2 /* ESBHomeViewController.h */ = {isa = PBXFileReference; fileEncoding = 4; lastKnownFileType = sourcecode.c.h; path = ESBHomeViewController.h; sourceTree = "<group>"; };
		F72276991E68FAD700BF90F2 /* ESBHomeViewController.m */ = {isa = PBXFileReference; fileEncoding = 4; lastKnownFileType = sourcecode.c.objc; path = ESBHomeViewController.m; sourceTree = "<group>"; };
		F722769D1E68FAD700BF90F2 /* AppDelegate.h */ = {isa = PBXFileReference; fileEncoding = 4; lastKnownFileType = sourcecode.c.h; path = AppDelegate.h; sourceTree = "<group>"; };
		F722769E1E68FAD700BF90F2 /* AppDelegate.m */ = {isa = PBXFileReference; fileEncoding = 4; lastKnownFileType = sourcecode.c.objc; path = AppDelegate.m; sourceTree = "<group>"; };
		F72276A51E6901C500BF90F2 /* NSTextView+ESBExtension.h */ = {isa = PBXFileReference; fileEncoding = 4; lastKnownFileType = sourcecode.c.h; path = "NSTextView+ESBExtension.h"; sourceTree = "<group>"; };
		F72276A61E6901C500BF90F2 /* NSTextView+ESBExtension.m */ = {isa = PBXFileReference; fileEncoding = 4; lastKnownFileType = sourcecode.c.objc; path = "NSTextView+ESBExtension.m"; sourceTree = "<group>"; };
		F72276A81E6902FF00BF90F2 /* ESchoolBagLocalServer.pch */ = {isa = PBXFileReference; lastKnownFileType = sourcecode.c.h; path = ESchoolBagLocalServer.pch; sourceTree = "<group>"; };
		F72276CC1E693FBB00BF90F2 /* ESBConnectionSocketModel.h */ = {isa = PBXFileReference; fileEncoding = 4; lastKnownFileType = sourcecode.c.h; path = ESBConnectionSocketModel.h; sourceTree = "<group>"; };
		F72276CD1E693FBB00BF90F2 /* ESBConnectionSocketModel.m */ = {isa = PBXFileReference; fileEncoding = 4; lastKnownFileType = sourcecode.c.objc; path = ESBConnectionSocketModel.m; sourceTree = "<group>"; };
		F72276DD1E69528F00BF90F2 /* ESBDataFramer.m */ = {isa = PBXFileReference; fileEncoding = 4; lastKnownFileType = sourcecode.c.objc; path = ESBDataFramer.m; sourceTree = "<group>"; };
		F72276DE1E69528F00BF90F2 /* ESBDataFramer.h */ = {isa = PBXFileReference; fileEncoding = 4; lastKnownFileType = sourcecode.c.h; path = ESBDataFramer.h; sourceTree = "<group>"; };
		F72276E01E6958FF00BF90F2 /* ESBMessageModel.h */ = {isa = PBXFileReference; fileEncoding = 4; lastKnownFileType = sourcecode.c.h; path = ESBMessageModel.h; sourceTree = "<group>"; };
		F72276E11E6958FF00BF90F2 /* ESBMessageModel.m */ = {isa = PBXFileReference; fileEncoding = 4; lastKnownFileType = sourcecode.c.objc; path = ESBMessageModel.m; sourceTree = "<group>"; };
		F72277001E6CF86900BF90F2 /* ESBDataCoder.h */ = {isa = PBXFileReference; fileEncoding = 4; lastKnownFileType = sourcecode.c.h; path = ESBDataCoder.h; sourceTree = "<group>"; };
		F72277011E6CF86900BF90F2 /* ESBDataCoder.m */ = {isa = PBXFileReference; fileEncoding = 4; lastKnownFileType = sourcecode.c.objc; path = ESBDataCoder.m; sourceTree = "<group>"; };
		F72277061E6D34F000BF90F2 /* ESBClientID.h */ = {isa = PBXFileReference; fileEncoding = 4; lastKnownFileType = sourcecode.c.h; path = ESBClientID.h; sourceTree = "<group>"; };
		F72277071E6D34F000BF90F2 /* ESBClientID.m */ = {isa = PBXFileReference; fileEncoding = 4; lastKnownFileType = sourcecode.c.objc; path = ESBClientID.m; sourceTree = "<group>"; };
/* End PBXFileReference section */

/* Begin PBXFrameworksBuildPhase section */
		F722767B1E68F9AF00BF90F2 /* Frameworks */ = {
			isa = PBXFrameworksBuildPhase;
			buildActionMask = 2147483647;
			files = (
				C060074C48B985E761867FD3 /* libPods-ESchoolBagLocalServer.a in Frameworks */,
			);
			runOnlyForDeploymentPostprocessing = 0;
		};
/* End PBXFrameworksBuildPhase section */

/* Begin PBXGroup section */
		3299FF986124B33C2C66BE3B /* Frameworks */ = {
			isa = PBXGroup;
			children = (
				C0D1E8FB0F9855FF8CAA8405 /* libPods-ESchoolBagLocalServer.a */,
			);
			name = Frameworks;
			sourceTree = "<group>";
		};
		701B8E58CB8A902479626A2D /* Pods */ = {
			isa = PBXGroup;
			children = (
				376D93E07D979FFCCCA2BE29 /* Pods-ESchoolBagLocalServer.debug.xcconfig */,
				748AA0DC6BF44850C56E6EA6 /* Pods-ESchoolBagLocalServer.release.xcconfig */,
			);
			name = Pods;
			sourceTree = "<group>";
		};
		F72276751E68F9AE00BF90F2 = {
			isa = PBXGroup;
			children = (
				F72276801E68F9AF00BF90F2 /* ESchoolBagLocalServer */,
				F722767F1E68F9AF00BF90F2 /* Products */,
				701B8E58CB8A902479626A2D /* Pods */,
				3299FF986124B33C2C66BE3B /* Frameworks */,
			);
			sourceTree = "<group>";
		};
		F722767F1E68F9AF00BF90F2 /* Products */ = {
			isa = PBXGroup;
			children = (
				F722767E1E68F9AF00BF90F2 /* ESchoolBagLocalServer.app */,
			);
			name = Products;
			sourceTree = "<group>";
		};
		F72276801E68F9AF00BF90F2 /* ESchoolBagLocalServer */ = {
			isa = PBXGroup;
			children = (
				F72276951E68FAD700BF90F2 /* Classes */,
				F72276841E68F9AF00BF90F2 /* Supporting Files */,
			);
			path = ESchoolBagLocalServer;
			sourceTree = "<group>";
		};
		F72276841E68F9AF00BF90F2 /* Supporting Files */ = {
			isa = PBXGroup;
			children = (
				F722768A1E68F9AF00BF90F2 /* Assets.xcassets */,
				F722768C1E68F9AF00BF90F2 /* Main.storyboard */,
				F722768F1E68F9AF00BF90F2 /* Info.plist */,
				F72276851E68F9AF00BF90F2 /* main.m */,
			);
			name = "Supporting Files";
			sourceTree = "<group>";
		};
		F72276951E68FAD700BF90F2 /* Classes */ = {
			isa = PBXGroup;
			children = (
				F72276961E68FAD700BF90F2 /* Home */,
				F722769C1E68FAD700BF90F2 /* Main */,
				F722769F1E68FAD700BF90F2 /* Other */,
			);
			path = Classes;
			sourceTree = "<group>";
		};
		F72276961E68FAD700BF90F2 /* Home */ = {
			isa = PBXGroup;
			children = (
				F72276D31E694CDE00BF90F2 /* ViewModel */,
				F72276971E68FAD700BF90F2 /* Controller */,
				F722769A1E68FAD700BF90F2 /* Model */,
				F722769B1E68FAD700BF90F2 /* View */,
			);
			path = Home;
			sourceTree = "<group>";
		};
		F72276971E68FAD700BF90F2 /* Controller */ = {
			isa = PBXGroup;
			children = (
				F72276981E68FAD700BF90F2 /* ESBHomeViewController.h */,
				F72276991E68FAD700BF90F2 /* ESBHomeViewController.m */,
			);
			path = Controller;
			sourceTree = "<group>";
		};
		F722769A1E68FAD700BF90F2 /* Model */ = {
			isa = PBXGroup;
			children = (
				F72276CC1E693FBB00BF90F2 /* ESBConnectionSocketModel.h */,
				F72276CD1E693FBB00BF90F2 /* ESBConnectionSocketModel.m */,
				F72276E01E6958FF00BF90F2 /* ESBMessageModel.h */,
				F72276E11E6958FF00BF90F2 /* ESBMessageModel.m */,
				F72277061E6D34F000BF90F2 /* ESBClientID.h */,
				F72277071E6D34F000BF90F2 /* ESBClientID.m */,
			);
			path = Model;
			sourceTree = "<group>";
		};
		F722769B1E68FAD700BF90F2 /* View */ = {
			isa = PBXGroup;
			children = (
			);
			path = View;
			sourceTree = "<group>";
		};
		F722769C1E68FAD700BF90F2 /* Main */ = {
			isa = PBXGroup;
			children = (
				F722769D1E68FAD700BF90F2 /* AppDelegate.h */,
				F722769E1E68FAD700BF90F2 /* AppDelegate.m */,
				F72276A81E6902FF00BF90F2 /* ESchoolBagLocalServer.pch */,
			);
			path = Main;
			sourceTree = "<group>";
		};
		F722769F1E68FAD700BF90F2 /* Other */ = {
			isa = PBXGroup;
			children = (
				F72276A01E68FAD700BF90F2 /* Category */,
				F72276A11E68FAD700BF90F2 /* MyTool */,
				F72276A21E68FAD700BF90F2 /* ThirdTool */,
			);
			path = Other;
			sourceTree = "<group>";
		};
		F72276A01E68FAD700BF90F2 /* Category */ = {
			isa = PBXGroup;
			children = (
				F72276A51E6901C500BF90F2 /* NSTextView+ESBExtension.h */,
				F72276A61E6901C500BF90F2 /* NSTextView+ESBExtension.m */,
			);
			path = Category;
			sourceTree = "<group>";
		};
		F72276A11E68FAD700BF90F2 /* MyTool */ = {
			isa = PBXGroup;
			children = (
			);
			path = MyTool;
			sourceTree = "<group>";
		};
		F72276A21E68FAD700BF90F2 /* ThirdTool */ = {
			isa = PBXGroup;
			children = (
			);
			path = ThirdTool;
			sourceTree = "<group>";
		};
		F72276D31E694CDE00BF90F2 /* ViewModel */ = {
			isa = PBXGroup;
			children = (
				F72276DD1E69528F00BF90F2 /* ESBDataFramer.m */,
				F72276DE1E69528F00BF90F2 /* ESBDataFramer.h */,
				F72277001E6CF86900BF90F2 /* ESBDataCoder.h */,
				F72277011E6CF86900BF90F2 /* ESBDataCoder.m */,
			);
			path = ViewModel;
			sourceTree = "<group>";
		};
/* End PBXGroup section */

/* Begin PBXNativeTarget section */
		F722767D1E68F9AF00BF90F2 /* ESchoolBagLocalServer */ = {
			isa = PBXNativeTarget;
			buildConfigurationList = F72276921E68F9AF00BF90F2 /* Build configuration list for PBXNativeTarget "ESchoolBagLocalServer" */;
			buildPhases = (
				A609A832094879D773EB6B3B /* [CP] Check Pods Manifest.lock */,
				F722767A1E68F9AF00BF90F2 /* Sources */,
				F722767B1E68F9AF00BF90F2 /* Frameworks */,
				F722767C1E68F9AF00BF90F2 /* Resources */,
				9CE16B8617791671784B8E2F /* [CP] Embed Pods Frameworks */,
				99D69563788C5C4033F513C4 /* [CP] Copy Pods Resources */,
			);
			buildRules = (
			);
			dependencies = (
			);
			name = ESchoolBagLocalServer;
			productName = ESchoolBagLocalServer;
			productReference = F722767E1E68F9AF00BF90F2 /* ESchoolBagLocalServer.app */;
			productType = "com.apple.product-type.application";
		};
/* End PBXNativeTarget section */

/* Begin PBXProject section */
		F72276761E68F9AE00BF90F2 /* Project object */ = {
			isa = PBXProject;
			attributes = {
				CLASSPREFIX = ESB;
				LastUpgradeCheck = 0810;
				ORGANIZATIONNAME = 23;
				TargetAttributes = {
					F722767D1E68F9AF00BF90F2 = {
						CreatedOnToolsVersion = 8.1;
						DevelopmentTeam = 4683DBG5A6;
						ProvisioningStyle = Automatic;
					};
				};
			};
			buildConfigurationList = F72276791E68F9AE00BF90F2 /* Build configuration list for PBXProject "ESchoolBagLocalServer" */;
			compatibilityVersion = "Xcode 3.2";
			developmentRegion = English;
			hasScannedForEncodings = 0;
			knownRegions = (
				en,
				Base,
			);
			mainGroup = F72276751E68F9AE00BF90F2;
			productRefGroup = F722767F1E68F9AF00BF90F2 /* Products */;
			projectDirPath = "";
			projectRoot = "";
			targets = (
				F722767D1E68F9AF00BF90F2 /* ESchoolBagLocalServer */,
			);
		};
/* End PBXProject section */

/* Begin PBXResourcesBuildPhase section */
		F722767C1E68F9AF00BF90F2 /* Resources */ = {
			isa = PBXResourcesBuildPhase;
			buildActionMask = 2147483647;
			files = (
				F722768B1E68F9AF00BF90F2 /* Assets.xcassets in Resources */,
				F722768E1E68F9AF00BF90F2 /* Main.storyboard in Resources */,
			);
			runOnlyForDeploymentPostprocessing = 0;
		};
/* End PBXResourcesBuildPhase section */

/* Begin PBXShellScriptBuildPhase section */
		99D69563788C5C4033F513C4 /* [CP] Copy Pods Resources */ = {
			isa = PBXShellScriptBuildPhase;
			buildActionMask = 2147483647;
			files = (
			);
			inputPaths = (
			);
			name = "[CP] Copy Pods Resources";
			outputPaths = (
			);
			runOnlyForDeploymentPostprocessing = 0;
			shellPath = /bin/sh;
			shellScript = "\"${SRCROOT}/Pods/Target Support Files/Pods-ESchoolBagLocalServer/Pods-ESchoolBagLocalServer-resources.sh\"\n";
			showEnvVarsInLog = 0;
		};
		9CE16B8617791671784B8E2F /* [CP] Embed Pods Frameworks */ = {
			isa = PBXShellScriptBuildPhase;
			buildActionMask = 2147483647;
			files = (
			);
			inputPaths = (
			);
			name = "[CP] Embed Pods Frameworks";
			outputPaths = (
			);
			runOnlyForDeploymentPostprocessing = 0;
			shellPath = /bin/sh;
			shellScript = "\"${SRCROOT}/Pods/Target Support Files/Pods-ESchoolBagLocalServer/Pods-ESchoolBagLocalServer-frameworks.sh\"\n";
			showEnvVarsInLog = 0;
		};
		A609A832094879D773EB6B3B /* [CP] Check Pods Manifest.lock */ = {
			isa = PBXShellScriptBuildPhase;
			buildActionMask = 2147483647;
			files = (
			);
			inputPaths = (
			);
			name = "[CP] Check Pods Manifest.lock";
			outputPaths = (
			);
			runOnlyForDeploymentPostprocessing = 0;
			shellPath = /bin/sh;
			shellScript = "diff \"${PODS_ROOT}/../Podfile.lock\" \"${PODS_ROOT}/Manifest.lock\" > /dev/null\nif [ $? != 0 ] ; then\n    # print error to STDERR\n    echo \"error: The sandbox is not in sync with the Podfile.lock. Run 'pod install' or update your CocoaPods installation.\" >&2\n    exit 1\nfi\n";
			showEnvVarsInLog = 0;
		};
/* End PBXShellScriptBuildPhase section */

/* Begin PBXSourcesBuildPhase section */
		F722767A1E68F9AF00BF90F2 /* Sources */ = {
			isa = PBXSourcesBuildPhase;
			buildActionMask = 2147483647;
			files = (
				F72276A31E68FAD700BF90F2 /* ESBHomeViewController.m in Sources */,
				F72276DF1E69528F00BF90F2 /* ESBDataFramer.m in Sources */,
				F72276861E68F9AF00BF90F2 /* main.m in Sources */,
				F72277021E6CF86900BF90F2 /* ESBDataCoder.m in Sources */,
				F72276A41E68FAD700BF90F2 /* AppDelegate.m in Sources */,
				F72276A71E6901C500BF90F2 /* NSTextView+ESBExtension.m in Sources */,
				F72276E21E6958FF00BF90F2 /* ESBMessageModel.m in Sources */,
				F72276CE1E693FBB00BF90F2 /* ESBConnectionSocketModel.m in Sources */,
				F72277081E6D34F000BF90F2 /* ESBClientID.m in Sources */,
			);
			runOnlyForDeploymentPostprocessing = 0;
		};
/* End PBXSourcesBuildPhase section */

/* Begin PBXVariantGroup section */
		F722768C1E68F9AF00BF90F2 /* Main.storyboard */ = {
			isa = PBXVariantGroup;
			children = (
				F722768D1E68F9AF00BF90F2 /* Base */,
			);
			name = Main.storyboard;
			sourceTree = "<group>";
		};
/* End PBXVariantGroup section */

/* Begin XCBuildConfiguration section */
		F72276901E68F9AF00BF90F2 /* Debug */ = {
			isa = XCBuildConfiguration;
			buildSettings = {
				ALWAYS_SEARCH_USER_PATHS = NO;
				CLANG_ANALYZER_NONNULL = YES;
				CLANG_CXX_LANGUAGE_STANDARD = "gnu++0x";
				CLANG_CXX_LIBRARY = "libc++";
				CLANG_ENABLE_MODULES = YES;
				CLANG_ENABLE_OBJC_ARC = YES;
				CLANG_WARN_BOOL_CONVERSION = YES;
				CLANG_WARN_CONSTANT_CONVERSION = YES;
				CLANG_WARN_DIRECT_OBJC_ISA_USAGE = YES_ERROR;
				CLANG_WARN_DOCUMENTATION_COMMENTS = YES;
				CLANG_WARN_EMPTY_BODY = YES;
				CLANG_WARN_ENUM_CONVERSION = YES;
				CLANG_WARN_INFINITE_RECURSION = YES;
				CLANG_WARN_INT_CONVERSION = YES;
				CLANG_WARN_OBJC_ROOT_CLASS = YES_ERROR;
				CLANG_WARN_SUSPICIOUS_MOVES = YES;
				CLANG_WARN_UNREACHABLE_CODE = YES;
				CLANG_WARN__DUPLICATE_METHOD_MATCH = YES;
				CODE_SIGN_IDENTITY = "-";
				COPY_PHASE_STRIP = NO;
				DEBUG_INFORMATION_FORMAT = dwarf;
				ENABLE_STRICT_OBJC_MSGSEND = YES;
				ENABLE_TESTABILITY = YES;
				GCC_C_LANGUAGE_STANDARD = gnu99;
				GCC_DYNAMIC_NO_PIC = NO;
				GCC_NO_COMMON_BLOCKS = YES;
				GCC_OPTIMIZATION_LEVEL = 0;
				GCC_PREPROCESSOR_DEFINITIONS = (
					"DEBUG=1",
					"$(inherited)",
				);
				GCC_WARN_64_TO_32_BIT_CONVERSION = YES;
				GCC_WARN_ABOUT_RETURN_TYPE = YES_ERROR;
				GCC_WARN_UNDECLARED_SELECTOR = YES;
				GCC_WARN_UNINITIALIZED_AUTOS = YES_AGGRESSIVE;
				GCC_WARN_UNUSED_FUNCTION = YES;
				GCC_WARN_UNUSED_VARIABLE = YES;
				MACOSX_DEPLOYMENT_TARGET = 10.12;
				MTL_ENABLE_DEBUG_INFO = YES;
				ONLY_ACTIVE_ARCH = YES;
				SDKROOT = macosx;
			};
			name = Debug;
		};
		F72276911E68F9AF00BF90F2 /* Release */ = {
			isa = XCBuildConfiguration;
			buildSettings = {
				ALWAYS_SEARCH_USER_PATHS = NO;
				CLANG_ANALYZER_NONNULL = YES;
				CLANG_CXX_LANGUAGE_STANDARD = "gnu++0x";
				CLANG_CXX_LIBRARY = "libc++";
				CLANG_ENABLE_MODULES = YES;
				CLANG_ENABLE_OBJC_ARC = YES;
				CLANG_WARN_BOOL_CONVERSION = YES;
				CLANG_WARN_CONSTANT_CONVERSION = YES;
				CLANG_WARN_DIRECT_OBJC_ISA_USAGE = YES_ERROR;
				CLANG_WARN_DOCUMENTATION_COMMENTS = YES;
				CLANG_WARN_EMPTY_BODY = YES;
				CLANG_WARN_ENUM_CONVERSION = YES;
				CLANG_WARN_INFINITE_RECURSION = YES;
				CLANG_WARN_INT_CONVERSION = YES;
				CLANG_WARN_OBJC_ROOT_CLASS = YES_ERROR;
				CLANG_WARN_SUSPICIOUS_MOVES = YES;
				CLANG_WARN_UNREACHABLE_CODE = YES;
				CLANG_WARN__DUPLICATE_METHOD_MATCH = YES;
				CODE_SIGN_IDENTITY = "-";
				COPY_PHASE_STRIP = NO;
				DEBUG_INFORMATION_FORMAT = "dwarf-with-dsym";
				ENABLE_NS_ASSERTIONS = NO;
				ENABLE_STRICT_OBJC_MSGSEND = YES;
				GCC_C_LANGUAGE_STANDARD = gnu99;
				GCC_NO_COMMON_BLOCKS = YES;
				GCC_WARN_64_TO_32_BIT_CONVERSION = YES;
				GCC_WARN_ABOUT_RETURN_TYPE = YES_ERROR;
				GCC_WARN_UNDECLARED_SELECTOR = YES;
				GCC_WARN_UNINITIALIZED_AUTOS = YES_AGGRESSIVE;
				GCC_WARN_UNUSED_FUNCTION = YES;
				GCC_WARN_UNUSED_VARIABLE = YES;
				MACOSX_DEPLOYMENT_TARGET = 10.12;
				MTL_ENABLE_DEBUG_INFO = NO;
				SDKROOT = macosx;
			};
			name = Release;
		};
		F72276931E68F9AF00BF90F2 /* Debug */ = {
			isa = XCBuildConfiguration;
			baseConfigurationReference = 376D93E07D979FFCCCA2BE29 /* Pods-ESchoolBagLocalServer.debug.xcconfig */;
			buildSettings = {
				ASSETCATALOG_COMPILER_APPICON_NAME = AppIcon;
				COMBINE_HIDPI_IMAGES = YES;
				DEVELOPMENT_TEAM = 4683DBG5A6;
				GCC_PREFIX_HEADER = ESchoolBagLocalServer/Classes/Main/ESchoolBagLocalServer.pch;
				INFOPLIST_FILE = ESchoolBagLocalServer/Info.plist;
				LD_RUNPATH_SEARCH_PATHS = "$(inherited) @executable_path/../Frameworks";
				PRODUCT_BUNDLE_IDENTIFIER = cn.kinglian.start.ESchoolBagLocalServer;
				PRODUCT_NAME = "$(TARGET_NAME)";
			};
			name = Debug;
		};
		F72276941E68F9AF00BF90F2 /* Release */ = {
			isa = XCBuildConfiguration;
			baseConfigurationReference = 748AA0DC6BF44850C56E6EA6 /* Pods-ESchoolBagLocalServer.release.xcconfig */;
			buildSettings = {
				ASSETCATALOG_COMPILER_APPICON_NAME = AppIcon;
				COMBINE_HIDPI_IMAGES = YES;
				DEVELOPMENT_TEAM = 4683DBG5A6;
				GCC_PREFIX_HEADER = ESchoolBagLocalServer/Classes/Main/ESchoolBagLocalServer.pch;
				INFOPLIST_FILE = ESchoolBagLocalServer/Info.plist;
				LD_RUNPATH_SEARCH_PATHS = "$(inherited) @executable_path/../Frameworks";
				PRODUCT_BUNDLE_IDENTIFIER = cn.kinglian.start.ESchoolBagLocalServer;
				PRODUCT_NAME = "$(TARGET_NAME)";
			};
			name = Release;
		};
/* End XCBuildConfiguration section */

/* Begin XCConfigurationList section */
		F72276791E68F9AE00BF90F2 /* Build configuration list for PBXProject "ESchoolBagLocalServer" */ = {
			isa = XCConfigurationList;
			buildConfigurations = (
				F72276901E68F9AF00BF90F2 /* Debug */,
				F72276911E68F9AF00BF90F2 /* Release */,
			);
			defaultConfigurationIsVisible = 0;
			defaultConfigurationName = Release;
		};
		F72276921E68F9AF00BF90F2 /* Build configuration list for PBXNativeTarget "ESchoolBagLocalServer" */ = {
			isa = XCConfigurationList;
			buildConfigurations = (
				F72276931E68F9AF00BF90F2 /* Debug */,
				F72276941E68F9AF00BF90F2 /* Release */,
			);
			defaultConfigurationIsVisible = 0;
			defaultConfigurationName = Release;
		};
/* End XCConfigurationList section */
	};
	rootObject = F72276761E68F9AE00BF90F2 /* Project object */;
}
