// !$*UTF8*$!
{
	archiveVersion = 1;
	classes = {
	};
	objectVersion = 46;
	objects = {

/* Begin PBXBuildFile section */
		56DF5F2555A6087AF9302BA9 /* libPods-ESchoolBagStudent.a in Frameworks */ = {isa = PBXBuildFile; fileRef = 7888C99D7535E40B0CAE9D63 /* libPods-ESchoolBagStudent.a */; };
		F72276171E67C92000BF90F2 /* main.m in Sources */ = {isa = PBXBuildFile; fileRef = F72276161E67C92000BF90F2 /* main.m */; };
		F72276221E67C92000BF90F2 /* Assets.xcassets in Resources */ = {isa = PBXBuildFile; fileRef = F72276211E67C92000BF90F2 /* Assets.xcassets */; };
		F72276251E67C92000BF90F2 /* LaunchScreen.storyboard in Resources */ = {isa = PBXBuildFile; fileRef = F72276231E67C92000BF90F2 /* LaunchScreen.storyboard */; };
		F72276B51E690C7D00BF90F2 /* AppDelegate.m in Sources */ = {isa = PBXBuildFile; fileRef = F72276B01E690C7D00BF90F2 /* AppDelegate.m */; };
		F72276B81E690D1500BF90F2 /* ESBHomeViewController.m in Sources */ = {isa = PBXBuildFile; fileRef = F72276B71E690D1500BF90F2 /* ESBHomeViewController.m */; };
		F72276BF1E690D4500BF90F2 /* ESBLoginViewController.m in Sources */ = {isa = PBXBuildFile; fileRef = F72276BE1E690D4500BF90F2 /* ESBLoginViewController.m */; };
		F72276C51E690DA100BF90F2 /* ESBTabViewController.m in Sources */ = {isa = PBXBuildFile; fileRef = F72276C41E690DA100BF90F2 /* ESBTabViewController.m */; };
		F72276C71E690F0200BF90F2 /* ESBLoginViewController.xib in Resources */ = {isa = PBXBuildFile; fileRef = F72276C61E690F0200BF90F2 /* ESBLoginViewController.xib */; };
		F72276FF1E6CF2B000BF90F2 /* ESBDataFramer.m in Sources */ = {isa = PBXBuildFile; fileRef = F72276FE1E6CF2B000BF90F2 /* ESBDataFramer.m */; };
		F72277051E6CFBC500BF90F2 /* ESBDataCoder.m in Sources */ = {isa = PBXBuildFile; fileRef = F72277041E6CFBC500BF90F2 /* ESBDataCoder.m */; };
		F722770D1E6D3DC000BF90F2 /* ESBClientID.m in Sources */ = {isa = PBXBuildFile; fileRef = F722770A1E6D3DC000BF90F2 /* ESBClientID.m */; };
		F722770E1E6D3DC000BF90F2 /* ESBMessageModel.m in Sources */ = {isa = PBXBuildFile; fileRef = F722770C1E6D3DC000BF90F2 /* ESBMessageModel.m */; };
/* End PBXBuildFile section */

/* Begin PBXFileReference section */
		4AAE1944FC7766CF06680854 /* Pods-ESchoolBagStudent.release.xcconfig */ = {isa = PBXFileReference; includeInIndex = 1; lastKnownFileType = text.xcconfig; name = "Pods-ESchoolBagStudent.release.xcconfig"; path = "Pods/Target Support Files/Pods-ESchoolBagStudent/Pods-ESchoolBagStudent.release.xcconfig"; sourceTree = "<group>"; };
		7262D09F608A339D04575913 /* Pods-ESchoolBagStudent.debug.xcconfig */ = {isa = PBXFileReference; includeInIndex = 1; lastKnownFileType = text.xcconfig; name = "Pods-ESchoolBagStudent.debug.xcconfig"; path = "Pods/Target Support Files/Pods-ESchoolBagStudent/Pods-ESchoolBagStudent.debug.xcconfig"; sourceTree = "<group>"; };
		7888C99D7535E40B0CAE9D63 /* libPods-ESchoolBagStudent.a */ = {isa = PBXFileReference; explicitFileType = archive.ar; includeInIndex = 0; path = "libPods-ESchoolBagStudent.a"; sourceTree = BUILT_PRODUCTS_DIR; };
		F72276121E67C92000BF90F2 /* ESchoolBagStudent.app */ = {isa = PBXFileReference; explicitFileType = wrapper.application; includeInIndex = 0; path = ESchoolBagStudent.app; sourceTree = BUILT_PRODUCTS_DIR; };
		F72276161E67C92000BF90F2 /* main.m */ = {isa = PBXFileReference; lastKnownFileType = sourcecode.c.objc; path = main.m; sourceTree = "<group>"; };
		F72276211E67C92000BF90F2 /* Assets.xcassets */ = {isa = PBXFileReference; lastKnownFileType = folder.assetcatalog; path = Assets.xcassets; sourceTree = "<group>"; };
		F72276241E67C92000BF90F2 /* Base */ = {isa = PBXFileReference; lastKnownFileType = file.storyboard; name = Base; path = Base.lproj/LaunchScreen.storyboard; sourceTree = "<group>"; };
		F72276261E67C92000BF90F2 /* Info.plist */ = {isa = PBXFileReference; lastKnownFileType = text.plist.xml; path = Info.plist; sourceTree = "<group>"; };
		F72276AF1E690C7D00BF90F2 /* AppDelegate.h */ = {isa = PBXFileReference; fileEncoding = 4; lastKnownFileType = sourcecode.c.h; path = AppDelegate.h; sourceTree = "<group>"; };
		F72276B01E690C7D00BF90F2 /* AppDelegate.m */ = {isa = PBXFileReference; fileEncoding = 4; lastKnownFileType = sourcecode.c.objc; path = AppDelegate.m; sourceTree = "<group>"; };
		F72276B61E690D1500BF90F2 /* ESBHomeViewController.h */ = {isa = PBXFileReference; fileEncoding = 4; lastKnownFileType = sourcecode.c.h; path = ESBHomeViewController.h; sourceTree = "<group>"; };
		F72276B71E690D1500BF90F2 /* ESBHomeViewController.m */ = {isa = PBXFileReference; fileEncoding = 4; lastKnownFileType = sourcecode.c.objc; path = ESBHomeViewController.m; sourceTree = "<group>"; };
		F72276BD1E690D4500BF90F2 /* ESBLoginViewController.h */ = {isa = PBXFileReference; fileEncoding = 4; lastKnownFileType = sourcecode.c.h; path = ESBLoginViewController.h; sourceTree = "<group>"; };
		F72276BE1E690D4500BF90F2 /* ESBLoginViewController.m */ = {isa = PBXFileReference; fileEncoding = 4; lastKnownFileType = sourcecode.c.objc; path = ESBLoginViewController.m; sourceTree = "<group>"; };
		F72276C31E690DA100BF90F2 /* ESBTabViewController.h */ = {isa = PBXFileReference; fileEncoding = 4; lastKnownFileType = sourcecode.c.h; path = ESBTabViewController.h; sourceTree = "<group>"; };
		F72276C41E690DA100BF90F2 /* ESBTabViewController.m */ = {isa = PBXFileReference; fileEncoding = 4; lastKnownFileType = sourcecode.c.objc; path = ESBTabViewController.m; sourceTree = "<group>"; };
		F72276C61E690F0200BF90F2 /* ESBLoginViewController.xib */ = {isa = PBXFileReference; fileEncoding = 4; lastKnownFileType = file.xib; path = ESBLoginViewController.xib; sourceTree = "<group>"; };
		F72276C81E69114500BF90F2 /* ESchoolBagStudent.pch */ = {isa = PBXFileReference; lastKnownFileType = sourcecode.c.h; path = ESchoolBagStudent.pch; sourceTree = "<group>"; };
		F72276FD1E6CF2B000BF90F2 /* ESBDataFramer.h */ = {isa = PBXFileReference; fileEncoding = 4; lastKnownFileType = sourcecode.c.h; path = ESBDataFramer.h; sourceTree = "<group>"; };
		F72276FE1E6CF2B000BF90F2 /* ESBDataFramer.m */ = {isa = PBXFileReference; fileEncoding = 4; lastKnownFileType = sourcecode.c.objc; path = ESBDataFramer.m; sourceTree = "<group>"; };
		F72277031E6CFBC500BF90F2 /* ESBDataCoder.h */ = {isa = PBXFileReference; fileEncoding = 4; lastKnownFileType = sourcecode.c.h; path = ESBDataCoder.h; sourceTree = "<group>"; };
		F72277041E6CFBC500BF90F2 /* ESBDataCoder.m */ = {isa = PBXFileReference; fileEncoding = 4; lastKnownFileType = sourcecode.c.objc; path = ESBDataCoder.m; sourceTree = "<group>"; };
		F72277091E6D3DC000BF90F2 /* ESBClientID.h */ = {isa = PBXFileReference; fileEncoding = 4; lastKnownFileType = sourcecode.c.h; path = ESBClientID.h; sourceTree = "<group>"; };
		F722770A1E6D3DC000BF90F2 /* ESBClientID.m */ = {isa = PBXFileReference; fileEncoding = 4; lastKnownFileType = sourcecode.c.objc; path = ESBClientID.m; sourceTree = "<group>"; };
		F722770B1E6D3DC000BF90F2 /* ESBMessageModel.h */ = {isa = PBXFileReference; fileEncoding = 4; lastKnownFileType = sourcecode.c.h; path = ESBMessageModel.h; sourceTree = "<group>"; };
		F722770C1E6D3DC000BF90F2 /* ESBMessageModel.m */ = {isa = PBXFileReference; fileEncoding = 4; lastKnownFileType = sourcecode.c.objc; path = ESBMessageModel.m; sourceTree = "<group>"; };
/* End PBXFileReference section */

/* Begin PBXFrameworksBuildPhase section */
		F722760F1E67C92000BF90F2 /* Frameworks */ = {
			isa = PBXFrameworksBuildPhase;
			buildActionMask = 2147483647;
			files = (
				56DF5F2555A6087AF9302BA9 /* libPods-ESchoolBagStudent.a in Frameworks */,
			);
			runOnlyForDeploymentPostprocessing = 0;
		};
/* End PBXFrameworksBuildPhase section */

/* Begin PBXGroup section */
		05CA7B35DD9739CFA4B25BBA /* Frameworks */ = {
			isa = PBXGroup;
			children = (
				7888C99D7535E40B0CAE9D63 /* libPods-ESchoolBagStudent.a */,
			);
			name = Frameworks;
			sourceTree = "<group>";
		};
		EDEF33B5347B0A42234EF106 /* Pods */ = {
			isa = PBXGroup;
			children = (
				7262D09F608A339D04575913 /* Pods-ESchoolBagStudent.debug.xcconfig */,
				4AAE1944FC7766CF06680854 /* Pods-ESchoolBagStudent.release.xcconfig */,
			);
			name = Pods;
			sourceTree = "<group>";
		};
		F72276091E67C92000BF90F2 = {
			isa = PBXGroup;
			children = (
				F72276141E67C92000BF90F2 /* ESchoolBagStudent */,
				F72276131E67C92000BF90F2 /* Products */,
				EDEF33B5347B0A42234EF106 /* Pods */,
				05CA7B35DD9739CFA4B25BBA /* Frameworks */,
			);
			sourceTree = "<group>";
		};
		F72276131E67C92000BF90F2 /* Products */ = {
			isa = PBXGroup;
			children = (
				F72276121E67C92000BF90F2 /* ESchoolBagStudent.app */,
			);
			name = Products;
			sourceTree = "<group>";
		};
		F72276141E67C92000BF90F2 /* ESchoolBagStudent */ = {
			isa = PBXGroup;
			children = (
				F72276A91E690C7D00BF90F2 /* Classes */,
				F72276151E67C92000BF90F2 /* Supporting Files */,
			);
			path = ESchoolBagStudent;
			sourceTree = "<group>";
		};
		F72276151E67C92000BF90F2 /* Supporting Files */ = {
			isa = PBXGroup;
			children = (
				F72276211E67C92000BF90F2 /* Assets.xcassets */,
				F72276231E67C92000BF90F2 /* LaunchScreen.storyboard */,
				F72276261E67C92000BF90F2 /* Info.plist */,
				F72276161E67C92000BF90F2 /* main.m */,
			);
			name = "Supporting Files";
			sourceTree = "<group>";
		};
		F72276A91E690C7D00BF90F2 /* Classes */ = {
			isa = PBXGroup;
			children = (
				F72276B91E690D3900BF90F2 /* LoginRegister */,
				F72276AA1E690C7D00BF90F2 /* Home */,
				F72276AE1E690C7D00BF90F2 /* Main */,
				F72276B11E690C7D00BF90F2 /* Other */,
			);
			path = Classes;
			sourceTree = "<group>";
		};
		F72276AA1E690C7D00BF90F2 /* Home */ = {
			isa = PBXGroup;
			children = (
				F72276AB1E690C7D00BF90F2 /* Controller */,
				F72276AC1E690C7D00BF90F2 /* Model */,
				F72276AD1E690C7D00BF90F2 /* View */,
			);
			path = Home;
			sourceTree = "<group>";
		};
		F72276AB1E690C7D00BF90F2 /* Controller */ = {
			isa = PBXGroup;
			children = (
				F72276B61E690D1500BF90F2 /* ESBHomeViewController.h */,
				F72276B71E690D1500BF90F2 /* ESBHomeViewController.m */,
			);
			path = Controller;
			sourceTree = "<group>";
		};
		F72276AC1E690C7D00BF90F2 /* Model */ = {
			isa = PBXGroup;
			children = (
			);
			path = Model;
			sourceTree = "<group>";
		};
		F72276AD1E690C7D00BF90F2 /* View */ = {
			isa = PBXGroup;
			children = (
			);
			path = View;
			sourceTree = "<group>";
		};
		F72276AE1E690C7D00BF90F2 /* Main */ = {
			isa = PBXGroup;
			children = (
				F72276C01E690D7200BF90F2 /* Controller */,
				F72276C11E690D7200BF90F2 /* Model */,
				F72276C21E690D7200BF90F2 /* View */,
				F72276AF1E690C7D00BF90F2 /* AppDelegate.h */,
				F72276B01E690C7D00BF90F2 /* AppDelegate.m */,
				F72276C81E69114500BF90F2 /* ESchoolBagStudent.pch */,
			);
			path = Main;
			sourceTree = "<group>";
		};
		F72276B11E690C7D00BF90F2 /* Other */ = {
			isa = PBXGroup;
			children = (
				F72276B21E690C7D00BF90F2 /* Category */,
				F72276B31E690C7D00BF90F2 /* MyTool */,
				F72276B41E690C7D00BF90F2 /* ThirdTool */,
			);
			path = Other;
			sourceTree = "<group>";
		};
		F72276B21E690C7D00BF90F2 /* Category */ = {
			isa = PBXGroup;
			children = (
			);
			path = Category;
			sourceTree = "<group>";
		};
		F72276B31E690C7D00BF90F2 /* MyTool */ = {
			isa = PBXGroup;
			children = (
				F72276FC1E6CF2A000BF90F2 /* Socket */,
			);
			path = MyTool;
			sourceTree = "<group>";
		};
		F72276B41E690C7D00BF90F2 /* ThirdTool */ = {
			isa = PBXGroup;
			children = (
			);
			path = ThirdTool;
			sourceTree = "<group>";
		};
		F72276B91E690D3900BF90F2 /* LoginRegister */ = {
			isa = PBXGroup;
			children = (
				F72276BA1E690D3900BF90F2 /* Controller */,
				F72276BB1E690D3900BF90F2 /* Model */,
				F72276BC1E690D3900BF90F2 /* View */,
			);
			path = LoginRegister;
			sourceTree = "<group>";
		};
		F72276BA1E690D3900BF90F2 /* Controller */ = {
			isa = PBXGroup;
			children = (
				F72276BD1E690D4500BF90F2 /* ESBLoginViewController.h */,
				F72276BE1E690D4500BF90F2 /* ESBLoginViewController.m */,
				F72276C61E690F0200BF90F2 /* ESBLoginViewController.xib */,
			);
			path = Controller;
			sourceTree = "<group>";
		};
		F72276BB1E690D3900BF90F2 /* Model */ = {
			isa = PBXGroup;
			children = (
				F72277091E6D3DC000BF90F2 /* ESBClientID.h */,
				F722770A1E6D3DC000BF90F2 /* ESBClientID.m */,
				F722770B1E6D3DC000BF90F2 /* ESBMessageModel.h */,
				F722770C1E6D3DC000BF90F2 /* ESBMessageModel.m */,
			);
			path = Model;
			sourceTree = "<group>";
		};
		F72276BC1E690D3900BF90F2 /* View */ = {
			isa = PBXGroup;
			children = (
			);
			path = View;
			sourceTree = "<group>";
		};
		F72276C01E690D7200BF90F2 /* Controller */ = {
			isa = PBXGroup;
			children = (
				F72276C31E690DA100BF90F2 /* ESBTabViewController.h */,
				F72276C41E690DA100BF90F2 /* ESBTabViewController.m */,
			);
			path = Controller;
			sourceTree = "<group>";
		};
		F72276C11E690D7200BF90F2 /* Model */ = {
			isa = PBXGroup;
			children = (
			);
			path = Model;
			sourceTree = "<group>";
		};
		F72276C21E690D7200BF90F2 /* View */ = {
			isa = PBXGroup;
			children = (
			);
			path = View;
			sourceTree = "<group>";
		};
		F72276FC1E6CF2A000BF90F2 /* Socket */ = {
			isa = PBXGroup;
			children = (
				F72277031E6CFBC500BF90F2 /* ESBDataCoder.h */,
				F72277041E6CFBC500BF90F2 /* ESBDataCoder.m */,
				F72276FD1E6CF2B000BF90F2 /* ESBDataFramer.h */,
				F72276FE1E6CF2B000BF90F2 /* ESBDataFramer.m */,
			);
			path = Socket;
			sourceTree = "<group>";
		};
/* End PBXGroup section */

/* Begin PBXNativeTarget section */
		F72276111E67C92000BF90F2 /* ESchoolBagStudent */ = {
			isa = PBXNativeTarget;
			buildConfigurationList = F72276291E67C92000BF90F2 /* Build configuration list for PBXNativeTarget "ESchoolBagStudent" */;
			buildPhases = (
				3A2A67A770898628F8950E28 /* [CP] Check Pods Manifest.lock */,
				F722760E1E67C92000BF90F2 /* Sources */,
				F722760F1E67C92000BF90F2 /* Frameworks */,
				F72276101E67C92000BF90F2 /* Resources */,
				B7BEFF821FC8657906C57B78 /* [CP] Embed Pods Frameworks */,
				D42053BF899CB71ACDDE9298 /* [CP] Copy Pods Resources */,
			);
			buildRules = (
			);
			dependencies = (
			);
			name = ESchoolBagStudent;
			productName = ESchoolBagStudent;
			productReference = F72276121E67C92000BF90F2 /* ESchoolBagStudent.app */;
			productType = "com.apple.product-type.application";
		};
/* End PBXNativeTarget section */

/* Begin PBXProject section */
		F722760A1E67C92000BF90F2 /* Project object */ = {
			isa = PBXProject;
			attributes = {
				CLASSPREFIX = ESB;
				LastUpgradeCheck = 0810;
				ORGANIZATIONNAME = 23;
				TargetAttributes = {
					F72276111E67C92000BF90F2 = {
						CreatedOnToolsVersion = 8.1;
						DevelopmentTeam = 4683DBG5A6;
						ProvisioningStyle = Automatic;
					};
				};
			};
			buildConfigurationList = F722760D1E67C92000BF90F2 /* Build configuration list for PBXProject "ESchoolBagStudent" */;
			compatibilityVersion = "Xcode 3.2";
			developmentRegion = English;
			hasScannedForEncodings = 0;
			knownRegions = (
				en,
				Base,
			);
			mainGroup = F72276091E67C92000BF90F2;
			productRefGroup = F72276131E67C92000BF90F2 /* Products */;
			projectDirPath = "";
			projectRoot = "";
			targets = (
				F72276111E67C92000BF90F2 /* ESchoolBagStudent */,
			);
		};
/* End PBXProject section */

/* Begin PBXResourcesBuildPhase section */
		F72276101E67C92000BF90F2 /* Resources */ = {
			isa = PBXResourcesBuildPhase;
			buildActionMask = 2147483647;
			files = (
				F72276251E67C92000BF90F2 /* LaunchScreen.storyboard in Resources */,
				F72276C71E690F0200BF90F2 /* ESBLoginViewController.xib in Resources */,
				F72276221E67C92000BF90F2 /* Assets.xcassets in Resources */,
			);
			runOnlyForDeploymentPostprocessing = 0;
		};
/* End PBXResourcesBuildPhase section */

/* Begin PBXShellScriptBuildPhase section */
		3A2A67A770898628F8950E28 /* [CP] Check Pods Manifest.lock */ = {
			isa = PBXShellScriptBuildPhase;
			buildActionMask = 2147483647;
			files = (
			);
			inputPaths = (
			);
			name = "[CP] Check Pods Manifest.lock";
			outputPaths = (
			);
			runOnlyForDeploymentPostprocessing = 0;
			shellPath = /bin/sh;
			shellScript = "diff \"${PODS_ROOT}/../Podfile.lock\" \"${PODS_ROOT}/Manifest.lock\" > /dev/null\nif [ $? != 0 ] ; then\n    # print error to STDERR\n    echo \"error: The sandbox is not in sync with the Podfile.lock. Run 'pod install' or update your CocoaPods installation.\" >&2\n    exit 1\nfi\n";
			showEnvVarsInLog = 0;
		};
		B7BEFF821FC8657906C57B78 /* [CP] Embed Pods Frameworks */ = {
			isa = PBXShellScriptBuildPhase;
			buildActionMask = 2147483647;
			files = (
			);
			inputPaths = (
			);
			name = "[CP] Embed Pods Frameworks";
			outputPaths = (
			);
			runOnlyForDeploymentPostprocessing = 0;
			shellPath = /bin/sh;
			shellScript = "\"${SRCROOT}/Pods/Target Support Files/Pods-ESchoolBagStudent/Pods-ESchoolBagStudent-frameworks.sh\"\n";
			showEnvVarsInLog = 0;
		};
		D42053BF899CB71ACDDE9298 /* [CP] Copy Pods Resources */ = {
			isa = PBXShellScriptBuildPhase;
			buildActionMask = 2147483647;
			files = (
			);
			inputPaths = (
			);
			name = "[CP] Copy Pods Resources";
			outputPaths = (
			);
			runOnlyForDeploymentPostprocessing = 0;
			shellPath = /bin/sh;
			shellScript = "\"${SRCROOT}/Pods/Target Support Files/Pods-ESchoolBagStudent/Pods-ESchoolBagStudent-resources.sh\"\n";
			showEnvVarsInLog = 0;
		};
/* End PBXShellScriptBuildPhase section */

/* Begin PBXSourcesBuildPhase section */
		F722760E1E67C92000BF90F2 /* Sources */ = {
			isa = PBXSourcesBuildPhase;
			buildActionMask = 2147483647;
			files = (
				F722770E1E6D3DC000BF90F2 /* ESBMessageModel.m in Sources */,
				F72276B51E690C7D00BF90F2 /* AppDelegate.m in Sources */,
				F72276FF1E6CF2B000BF90F2 /* ESBDataFramer.m in Sources */,
				F72276C51E690DA100BF90F2 /* ESBTabViewController.m in Sources */,
				F72277051E6CFBC500BF90F2 /* ESBDataCoder.m in Sources */,
				F72276BF1E690D4500BF90F2 /* ESBLoginViewController.m in Sources */,
				F72276B81E690D1500BF90F2 /* ESBHomeViewController.m in Sources */,
				F722770D1E6D3DC000BF90F2 /* ESBClientID.m in Sources */,
				F72276171E67C92000BF90F2 /* main.m in Sources */,
			);
			runOnlyForDeploymentPostprocessing = 0;
		};
/* End PBXSourcesBuildPhase section */

/* Begin PBXVariantGroup section */
		F72276231E67C92000BF90F2 /* LaunchScreen.storyboard */ = {
			isa = PBXVariantGroup;
			children = (
				F72276241E67C92000BF90F2 /* Base */,
			);
			name = LaunchScreen.storyboard;
			sourceTree = "<group>";
		};
/* End PBXVariantGroup section */

/* Begin XCBuildConfiguration section */
		F72276271E67C92000BF90F2 /* Debug */ = {
			isa = XCBuildConfiguration;
			buildSettings = {
				ALWAYS_SEARCH_USER_PATHS = NO;
				CLANG_ANALYZER_NONNULL = YES;
				CLANG_CXX_LANGUAGE_STANDARD = "gnu++0x";
				CLANG_CXX_LIBRARY = "libc++";
				CLANG_ENABLE_MODULES = YES;
				CLANG_ENABLE_OBJC_ARC = YES;
				CLANG_WARN_BOOL_CONVERSION = YES;
				CLANG_WARN_CONSTANT_CONVERSION = YES;
				CLANG_WARN_DIRECT_OBJC_ISA_USAGE = YES_ERROR;
				CLANG_WARN_DOCUMENTATION_COMMENTS = YES;
				CLANG_WARN_EMPTY_BODY = YES;
				CLANG_WARN_ENUM_CONVERSION = YES;
				CLANG_WARN_INFINITE_RECURSION = YES;
				CLANG_WARN_INT_CONVERSION = YES;
				CLANG_WARN_OBJC_ROOT_CLASS = YES_ERROR;
				CLANG_WARN_SUSPICIOUS_MOVES = YES;
				CLANG_WARN_UNREACHABLE_CODE = YES;
				CLANG_WARN__DUPLICATE_METHOD_MATCH = YES;
				"CODE_SIGN_IDENTITY[sdk=iphoneos*]" = "iPhone Developer";
				COPY_PHASE_STRIP = NO;
				DEBUG_INFORMATION_FORMAT = dwarf;
				ENABLE_STRICT_OBJC_MSGSEND = YES;
				ENABLE_TESTABILITY = YES;
				GCC_C_LANGUAGE_STANDARD = gnu99;
				GCC_DYNAMIC_NO_PIC = NO;
				GCC_NO_COMMON_BLOCKS = YES;
				GCC_OPTIMIZATION_LEVEL = 0;
				GCC_PREPROCESSOR_DEFINITIONS = (
					"DEBUG=1",
					"$(inherited)",
				);
				GCC_WARN_64_TO_32_BIT_CONVERSION = YES;
				GCC_WARN_ABOUT_RETURN_TYPE = YES_ERROR;
				GCC_WARN_UNDECLARED_SELECTOR = YES;
				GCC_WARN_UNINITIALIZED_AUTOS = YES_AGGRESSIVE;
				GCC_WARN_UNUSED_FUNCTION = YES;
				GCC_WARN_UNUSED_VARIABLE = YES;
				IPHONEOS_DEPLOYMENT_TARGET = 10.1;
				MTL_ENABLE_DEBUG_INFO = YES;
				ONLY_ACTIVE_ARCH = YES;
				SDKROOT = iphoneos;
				TARGETED_DEVICE_FAMILY = 2;
			};
			name = Debug;
		};
		F72276281E67C92000BF90F2 /* Release */ = {
			isa = XCBuildConfiguration;
			buildSettings = {
				ALWAYS_SEARCH_USER_PATHS = NO;
				CLANG_ANALYZER_NONNULL = YES;
				CLANG_CXX_LANGUAGE_STANDARD = "gnu++0x";
				CLANG_CXX_LIBRARY = "libc++";
				CLANG_ENABLE_MODULES = YES;
				CLANG_ENABLE_OBJC_ARC = YES;
				CLANG_WARN_BOOL_CONVERSION = YES;
				CLANG_WARN_CONSTANT_CONVERSION = YES;
				CLANG_WARN_DIRECT_OBJC_ISA_USAGE = YES_ERROR;
				CLANG_WARN_DOCUMENTATION_COMMENTS = YES;
				CLANG_WARN_EMPTY_BODY = YES;
				CLANG_WARN_ENUM_CONVERSION = YES;
				CLANG_WARN_INFINITE_RECURSION = YES;
				CLANG_WARN_INT_CONVERSION = YES;
				CLANG_WARN_OBJC_ROOT_CLASS = YES_ERROR;
				CLANG_WARN_SUSPICIOUS_MOVES = YES;
				CLANG_WARN_UNREACHABLE_CODE = YES;
				CLANG_WARN__DUPLICATE_METHOD_MATCH = YES;
				"CODE_SIGN_IDENTITY[sdk=iphoneos*]" = "iPhone Developer";
				COPY_PHASE_STRIP = NO;
				DEBUG_INFORMATION_FORMAT = "dwarf-with-dsym";
				ENABLE_NS_ASSERTIONS = NO;
				ENABLE_STRICT_OBJC_MSGSEND = YES;
				GCC_C_LANGUAGE_STANDARD = gnu99;
				GCC_NO_COMMON_BLOCKS = YES;
				GCC_WARN_64_TO_32_BIT_CONVERSION = YES;
				GCC_WARN_ABOUT_RETURN_TYPE = YES_ERROR;
				GCC_WARN_UNDECLARED_SELECTOR = YES;
				GCC_WARN_UNINITIALIZED_AUTOS = YES_AGGRESSIVE;
				GCC_WARN_UNUSED_FUNCTION = YES;
				GCC_WARN_UNUSED_VARIABLE = YES;
				IPHONEOS_DEPLOYMENT_TARGET = 10.1;
				MTL_ENABLE_DEBUG_INFO = NO;
				SDKROOT = iphoneos;
				TARGETED_DEVICE_FAMILY = 2;
				VALIDATE_PRODUCT = YES;
			};
			name = Release;
		};
		F722762A1E67C92000BF90F2 /* Debug */ = {
			isa = XCBuildConfiguration;
			baseConfigurationReference = 7262D09F608A339D04575913 /* Pods-ESchoolBagStudent.debug.xcconfig */;
			buildSettings = {
				ASSETCATALOG_COMPILER_APPICON_NAME = AppIcon;
				DEVELOPMENT_TEAM = 4683DBG5A6;
				GCC_PREFIX_HEADER = ESchoolBagStudent/Classes/Main/ESchoolBagStudent.pch;
				INFOPLIST_FILE = ESchoolBagStudent/Info.plist;
				IPHONEOS_DEPLOYMENT_TARGET = 8.0;
				LD_RUNPATH_SEARCH_PATHS = "$(inherited) @executable_path/Frameworks";
				PRODUCT_BUNDLE_IDENTIFIER = cn.kinglian.start.ESchoolBagStudent;
				PRODUCT_NAME = "$(TARGET_NAME)";
				TARGETED_DEVICE_FAMILY = "1,2";
			};
			name = Debug;
		};
		F722762B1E67C92000BF90F2 /* Release */ = {
			isa = XCBuildConfiguration;
			baseConfigurationReference = 4AAE1944FC7766CF06680854 /* Pods-ESchoolBagStudent.release.xcconfig */;
			buildSettings = {
				ASSETCATALOG_COMPILER_APPICON_NAME = AppIcon;
				DEVELOPMENT_TEAM = 4683DBG5A6;
				GCC_PREFIX_HEADER = ESchoolBagStudent/Classes/Main/ESchoolBagStudent.pch;
				INFOPLIST_FILE = ESchoolBagStudent/Info.plist;
				IPHONEOS_DEPLOYMENT_TARGET = 8.0;
				LD_RUNPATH_SEARCH_PATHS = "$(inherited) @executable_path/Frameworks";
				PRODUCT_BUNDLE_IDENTIFIER = cn.kinglian.start.ESchoolBagStudent;
				PRODUCT_NAME = "$(TARGET_NAME)";
				TARGETED_DEVICE_FAMILY = "1,2";
			};
			name = Release;
		};
/* End XCBuildConfiguration section */

/* Begin XCConfigurationList section */
		F722760D1E67C92000BF90F2 /* Build configuration list for PBXProject "ESchoolBagStudent" */ = {
			isa = XCConfigurationList;
			buildConfigurations = (
				F72276271E67C92000BF90F2 /* Debug */,
				F72276281E67C92000BF90F2 /* Release */,
			);
			defaultConfigurationIsVisible = 0;
			defaultConfigurationName = Release;
		};
		F72276291E67C92000BF90F2 /* Build configuration list for PBXNativeTarget "ESchoolBagStudent" */ = {
			isa = XCConfigurationList;
			buildConfigurations = (
				F722762A1E67C92000BF90F2 /* Debug */,
				F722762B1E67C92000BF90F2 /* Release */,
			);
			defaultConfigurationIsVisible = 0;
			defaultConfigurationName = Release;
		};
/* End XCConfigurationList section */
	};
	rootObject = F722760A1E67C92000BF90F2 /* Project object */;
}
