// !$*UTF8*$!
{
	archiveVersion = 1;
	classes = {
	};
	objectVersion = 46;
	objects = {

/* Begin PBXBuildFile section */
		F72275C21E67C3C800BF90F2 /* AppDelegate.swift in Sources */ = {isa = PBXBuildFile; fileRef = F72275C11E67C3C800BF90F2 /* AppDelegate.swift */; };
		F72275C41E67C3C800BF90F2 /* ViewController.swift in Sources */ = {isa = PBXBuildFile; fileRef = F72275C31E67C3C800BF90F2 /* ViewController.swift */; };
		F72275C71E67C3C800BF90F2 /* Main.storyboard in Resources */ = {isa = PBXBuildFile; fileRef = F72275C51E67C3C800BF90F2 /* Main.storyboard */; };
		F72275C91E67C3C800BF90F2 /* Assets.xcassets in Resources */ = {isa = PBXBuildFile; fileRef = F72275C81E67C3C800BF90F2 /* Assets.xcassets */; };
		F72275CC1E67C3C800BF90F2 /* LaunchScreen.storyboard in Resources */ = {isa = PBXBuildFile; fileRef = F72275CA1E67C3C800BF90F2 /* LaunchScreen.storyboard */; };
/* End PBXBuildFile section */

/* Begin PBXFileReference section */
		F72275BE1E67C3C800BF90F2 /* ESchoolBagClient.app */ = {isa = PBXFileReference; explicitFileType = wrapper.application; includeInIndex = 0; path = ESchoolBagClient.app; sourceTree = BUILT_PRODUCTS_DIR; };
		F72275C11E67C3C800BF90F2 /* AppDelegate.swift */ = {isa = PBXFileReference; lastKnownFileType = sourcecode.swift; path = AppDelegate.swift; sourceTree = "<group>"; };
		F72275C31E67C3C800BF90F2 /* ViewController.swift */ = {isa = PBXFileReference; lastKnownFileType = sourcecode.swift; path = ViewController.swift; sourceTree = "<group>"; };
		F72275C61E67C3C800BF90F2 /* Base */ = {isa = PBXFileReference; lastKnownFileType = file.storyboard; name = Base; path = Base.lproj/Main.storyboard; sourceTree = "<group>"; };
		F72275C81E67C3C800BF90F2 /* Assets.xcassets */ = {isa = PBXFileReference; lastKnownFileType = folder.assetcatalog; path = Assets.xcassets; sourceTree = "<group>"; };
		F72275CB1E67C3C800BF90F2 /* Base */ = {isa = PBXFileReference; lastKnownFileType = file.storyboard; name = Base; path = Base.lproj/LaunchScreen.storyboard; sourceTree = "<group>"; };
		F72275CD1E67C3C800BF90F2 /* Info.plist */ = {isa = PBXFileReference; lastKnownFileType = text.plist.xml; path = Info.plist; sourceTree = "<group>"; };
/* End PBXFileReference section */

/* Begin PBXFrameworksBuildPhase section */
		F72275BB1E67C3C800BF90F2 /* Frameworks */ = {
			isa = PBXFrameworksBuildPhase;
			buildActionMask = 2147483647;
			files = (
			);
			runOnlyForDeploymentPostprocessing = 0;
		};
/* End PBXFrameworksBuildPhase section */

/* Begin PBXGroup section */
		F72275B51E67C3C800BF90F2 = {
			isa = PBXGroup;
			children = (
				F72275C01E67C3C800BF90F2 /* ESchoolBagClient */,
				F72275BF1E67C3C800BF90F2 /* Products */,
			);
			sourceTree = "<group>";
		};
		F72275BF1E67C3C800BF90F2 /* Products */ = {
			isa = PBXGroup;
			children = (
				F72275BE1E67C3C800BF90F2 /* ESchoolBagClient.app */,
			);
			name = Products;
			sourceTree = "<group>";
		};
		F72275C01E67C3C800BF90F2 /* ESchoolBagClient */ = {
			isa = PBXGroup;
			children = (
				F72275C11E67C3C800BF90F2 /* AppDelegate.swift */,
				F72275C31E67C3C800BF90F2 /* ViewController.swift */,
				F72275C51E67C3C800BF90F2 /* Main.storyboard */,
				F72275C81E67C3C800BF90F2 /* Assets.xcassets */,
				F72275CA1E67C3C800BF90F2 /* LaunchScreen.storyboard */,
				F72275CD1E67C3C800BF90F2 /* Info.plist */,
			);
			path = ESchoolBagClient;
			sourceTree = "<group>";
		};
/* End PBXGroup section */

/* Begin PBXNativeTarget section */
		F72275BD1E67C3C800BF90F2 /* ESchoolBagClient */ = {
			isa = PBXNativeTarget;
			buildConfigurationList = F72275D01E67C3C800BF90F2 /* Build configuration list for PBXNativeTarget "ESchoolBagClient" */;
			buildPhases = (
				F72275BA1E67C3C800BF90F2 /* Sources */,
				F72275BB1E67C3C800BF90F2 /* Frameworks */,
				F72275BC1E67C3C800BF90F2 /* Resources */,
			);
			buildRules = (
			);
			dependencies = (
			);
			name = ESchoolBagClient;
			productName = ESchoolBagClient;
			productReference = F72275BE1E67C3C800BF90F2 /* ESchoolBagClient.app */;
			productType = "com.apple.product-type.application";
		};
/* End PBXNativeTarget section */

/* Begin PBXProject section */
		F72275B61E67C3C800BF90F2 /* Project object */ = {
			isa = PBXProject;
			attributes = {
				LastSwiftUpdateCheck = 0810;
				LastUpgradeCheck = 0810;
				ORGANIZATIONNAME = 23;
				TargetAttributes = {
					F72275BD1E67C3C800BF90F2 = {
						CreatedOnToolsVersion = 8.1;
						DevelopmentTeam = 4683DBG5A6;
						ProvisioningStyle = Automatic;
					};
				};
			};
			buildConfigurationList = F72275B91E67C3C800BF90F2 /* Build configuration list for PBXProject "ESchoolBagClient" */;
			compatibilityVersion = "Xcode 3.2";
			developmentRegion = English;
			hasScannedForEncodings = 0;
			knownRegions = (
				en,
				Base,
			);
			mainGroup = F72275B51E67C3C800BF90F2;
			productRefGroup = F72275BF1E67C3C800BF90F2 /* Products */;
			projectDirPath = "";
			projectRoot = "";
			targets = (
				F72275BD1E67C3C800BF90F2 /* ESchoolBagClient */,
			);
		};
/* End PBXProject section */

/* Begin PBXResourcesBuildPhase section */
		F72275BC1E67C3C800BF90F2 /* Resources */ = {
			isa = PBXResourcesBuildPhase;
			buildActionMask = 2147483647;
			files = (
				F72275CC1E67C3C800BF90F2 /* LaunchScreen.storyboard in Resources */,
				F72275C91E67C3C800BF90F2 /* Assets.xcassets in Resources */,
				F72275C71E67C3C800BF90F2 /* Main.storyboard in Resources */,
			);
			runOnlyForDeploymentPostprocessing = 0;
		};
/* End PBXResourcesBuildPhase section */

/* Begin PBXSourcesBuildPhase section */
		F72275BA1E67C3C800BF90F2 /* Sources */ = {
			isa = PBXSourcesBuildPhase;
			buildActionMask = 2147483647;
			files = (
				F72275C41E67C3C800BF90F2 /* ViewController.swift in Sources */,
				F72275C21E67C3C800BF90F2 /* AppDelegate.swift in Sources */,
			);
			runOnlyForDeploymentPostprocessing = 0;
		};
/* End PBXSourcesBuildPhase section */

/* Begin PBXVariantGroup section */
		F72275C51E67C3C800BF90F2 /* Main.storyboard */ = {
			isa = PBXVariantGroup;
			children = (
				F72275C61E67C3C800BF90F2 /* Base */,
			);
			name = Main.storyboard;
			sourceTree = "<group>";
		};
		F72275CA1E67C3C800BF90F2 /* LaunchScreen.storyboard */ = {
			isa = PBXVariantGroup;
			children = (
				F72275CB1E67C3C800BF90F2 /* Base */,
			);
			name = LaunchScreen.storyboard;
			sourceTree = "<group>";
		};
/* End PBXVariantGroup section */

/* Begin XCBuildConfiguration section */
		F72275CE1E67C3C800BF90F2 /* Debug */ = {
			isa = XCBuildConfiguration;
			buildSettings = {
				ALWAYS_SEARCH_USER_PATHS = NO;
				CLANG_ANALYZER_NONNULL = YES;
				CLANG_CXX_LANGUAGE_STANDARD = "gnu++0x";
				CLANG_CXX_LIBRARY = "libc++";
				CLANG_ENABLE_MODULES = YES;
				CLANG_ENABLE_OBJC_ARC = YES;
				CLANG_WARN_BOOL_CONVERSION = YES;
				CLANG_WARN_CONSTANT_CONVERSION = YES;
				CLANG_WARN_DIRECT_OBJC_ISA_USAGE = YES_ERROR;
				CLANG_WARN_DOCUMENTATION_COMMENTS = YES;
				CLANG_WARN_EMPTY_BODY = YES;
				CLANG_WARN_ENUM_CONVERSION = YES;
				CLANG_WARN_INFINITE_RECURSION = YES;
				CLANG_WARN_INT_CONVERSION = YES;
				CLANG_WARN_OBJC_ROOT_CLASS = YES_ERROR;
				CLANG_WARN_SUSPICIOUS_MOVES = YES;
				CLANG_WARN_UNREACHABLE_CODE = YES;
				CLANG_WARN__DUPLICATE_METHOD_MATCH = YES;
				"CODE_SIGN_IDENTITY[sdk=iphoneos*]" = "iPhone Developer";
				COPY_PHASE_STRIP = NO;
				DEBUG_INFORMATION_FORMAT = dwarf;
				ENABLE_STRICT_OBJC_MSGSEND = YES;
				ENABLE_TESTABILITY = YES;
				GCC_C_LANGUAGE_STANDARD = gnu99;
				GCC_DYNAMIC_NO_PIC = NO;
				GCC_NO_COMMON_BLOCKS = YES;
				GCC_OPTIMIZATION_LEVEL = 0;
				GCC_PREPROCESSOR_DEFINITIONS = (
					"DEBUG=1",
					"$(inherited)",
				);
				GCC_WARN_64_TO_32_BIT_CONVERSION = YES;
				GCC_WARN_ABOUT_RETURN_TYPE = YES_ERROR;
				GCC_WARN_UNDECLARED_SELECTOR = YES;
				GCC_WARN_UNINITIALIZED_AUTOS = YES_AGGRESSIVE;
				GCC_WARN_UNUSED_FUNCTION = YES;
				GCC_WARN_UNUSED_VARIABLE = YES;
				IPHONEOS_DEPLOYMENT_TARGET = 10.1;
				MTL_ENABLE_DEBUG_INFO = YES;
				ONLY_ACTIVE_ARCH = YES;
				SDKROOT = iphoneos;
				SWIFT_ACTIVE_COMPILATION_CONDITIONS = DEBUG;
				SWIFT_OPTIMIZATION_LEVEL = "-Onone";
				TARGETED_DEVICE_FAMILY = 2;
			};
			name = Debug;
		};
		F72275CF1E67C3C800BF90F2 /* Release */ = {
			isa = XCBuildConfiguration;
			buildSettings = {
				ALWAYS_SEARCH_USER_PATHS = NO;
				CLANG_ANALYZER_NONNULL = YES;
				CLANG_CXX_LANGUAGE_STANDARD = "gnu++0x";
				CLANG_CXX_LIBRARY = "libc++";
				CLANG_ENABLE_MODULES = YES;
				CLANG_ENABLE_OBJC_ARC = YES;
				CLANG_WARN_BOOL_CONVERSION = YES;
				CLANG_WARN_CONSTANT_CONVERSION = YES;
				CLANG_WARN_DIRECT_OBJC_ISA_USAGE = YES_ERROR;
				CLANG_WARN_DOCUMENTATION_COMMENTS = YES;
				CLANG_WARN_EMPTY_BODY = YES;
				CLANG_WARN_ENUM_CONVERSION = YES;
				CLANG_WARN_INFINITE_RECURSION = YES;
				CLANG_WARN_INT_CONVERSION = YES;
				CLANG_WARN_OBJC_ROOT_CLASS = YES_ERROR;
				CLANG_WARN_SUSPICIOUS_MOVES = YES;
				CLANG_WARN_UNREACHABLE_CODE = YES;
				CLANG_WARN__DUPLICATE_METHOD_MATCH = YES;
				"CODE_SIGN_IDENTITY[sdk=iphoneos*]" = "iPhone Developer";
				COPY_PHASE_STRIP = NO;
				DEBUG_INFORMATION_FORMAT = "dwarf-with-dsym";
				ENABLE_NS_ASSERTIONS = NO;
				ENABLE_STRICT_OBJC_MSGSEND = YES;
				GCC_C_LANGUAGE_STANDARD = gnu99;
				GCC_NO_COMMON_BLOCKS = YES;
				GCC_WARN_64_TO_32_BIT_CONVERSION = YES;
				GCC_WARN_ABOUT_RETURN_TYPE = YES_ERROR;
				GCC_WARN_UNDECLARED_SELECTOR = YES;
				GCC_WARN_UNINITIALIZED_AUTOS = YES_AGGRESSIVE;
				GCC_WARN_UNUSED_FUNCTION = YES;
				GCC_WARN_UNUSED_VARIABLE = YES;
				IPHONEOS_DEPLOYMENT_TARGET = 10.1;
				MTL_ENABLE_DEBUG_INFO = NO;
				SDKROOT = iphoneos;
				SWIFT_OPTIMIZATION_LEVEL = "-Owholemodule";
				TARGETED_DEVICE_FAMILY = 2;
				VALIDATE_PRODUCT = YES;
			};
			name = Release;
		};
		F72275D11E67C3C800BF90F2 /* Debug */ = {
			isa = XCBuildConfiguration;
			buildSettings = {
				ASSETCATALOG_COMPILER_APPICON_NAME = AppIcon;
				DEVELOPMENT_TEAM = 4683DBG5A6;
				INFOPLIST_FILE = ESchoolBagClient/Info.plist;
				LD_RUNPATH_SEARCH_PATHS = "$(inherited) @executable_path/Frameworks";
				PRODUCT_BUNDLE_IDENTIFIER = cn.kinglian.start.ESchoolBagClient;
				PRODUCT_NAME = "$(TARGET_NAME)";
				SWIFT_VERSION = 3.0;
			};
			name = Debug;
		};
		F72275D21E67C3C800BF90F2 /* Release */ = {
			isa = XCBuildConfiguration;
			buildSettings = {
				ASSETCATALOG_COMPILER_APPICON_NAME = AppIcon;
				DEVELOPMENT_TEAM = 4683DBG5A6;
				INFOPLIST_FILE = ESchoolBagClient/Info.plist;
				LD_RUNPATH_SEARCH_PATHS = "$(inherited) @executable_path/Frameworks";
				PRODUCT_BUNDLE_IDENTIFIER = cn.kinglian.start.ESchoolBagClient;
				PRODUCT_NAME = "$(TARGET_NAME)";
				SWIFT_VERSION = 3.0;
			};
			name = Release;
		};
/* End XCBuildConfiguration section */

/* Begin XCConfigurationList section */
		F72275B91E67C3C800BF90F2 /* Build configuration list for PBXProject "ESchoolBagClient" */ = {
			isa = XCConfigurationList;
			buildConfigurations = (
				F72275CE1E67C3C800BF90F2 /* Debug */,
				F72275CF1E67C3C800BF90F2 /* Release */,
			);
			defaultConfigurationIsVisible = 0;
			defaultConfigurationName = Release;
		};
		F72275D01E67C3C800BF90F2 /* Build configuration list for PBXNativeTarget "ESchoolBagClient" */ = {
			isa = XCConfigurationList;
			buildConfigurations = (
				F72275D11E67C3C800BF90F2 /* Debug */,
				F72275D21E67C3C800BF90F2 /* Release */,
			);
			defaultConfigurationIsVisible = 0;
		};
/* End XCConfigurationList section */
	};
	rootObject = F72275B61E67C3C800BF90F2 /* Project object */;
}
